
Microsoft Visual Studio Solution File, Format Version 12.00
# Visual Studio Version 16
VisualStudioVersion = 16.0.29509.3
MinimumVisualStudioVersion = 10.0.40219.1
Project("{FAE04EC0-301F-11D3-BF4B-00C04F79EFBC}") = "Ventas.UWP", "Ventas.UWP\Ventas.UWP.csproj", "{2A9811CA-E6B5-4542-B98F-6C79C25B8634}"
EndProject
Project("{FAE04EC0-301F-11D3-BF4B-00C04F79EFBC}") = "Ventas.Android", "Ventas.Android\Ventas.Android.csproj", "{36DD4F36-624C-49B7-B626-925174A776A1}"
EndProject
Project("{FAE04EC0-301F-11D3-BF4B-00C04F79EFBC}") = "Ventas.iOS", "Ventas.iOS\Ventas.iOS.csproj", "{69776F25-8FD9-477E-B601-A461C71D8A17}"
EndProject
Project("{FAE04EC0-301F-11D3-BF4B-00C04F79EFBC}") = "Ventas", "Ventas\Ventas.csproj", "{B5B0CC44-4EA9-478A-831F-664170F06507}"
EndProject
Project("{FAE04EC0-301F-11D3-BF4B-00C04F79EFBC}") = "Ventas.BackEnd", "..\Ventas.BackEnd\Ventas.BackEnd.csproj", "{6A66C2BC-0BC0-4EE8-A6C4-D70A5E3DD98B}"
EndProject
Project("{FAE04EC0-301F-11D3-BF4B-00C04F79EFBC}") = "Ventas.API", "..\Ventas.API\Ventas.API.csproj", "{0694033E-57FE-4D2F-BA1E-75673496B490}"
EndProject
Project("{FAE04EC0-301F-11D3-BF4B-00C04F79EFBC}") = "Ventas.Domain", "..\Ventas.Domain\Ventas.Domain.csproj", "{7393BDA0-AE5F-44B4-97F6-C40B0CB5B08C}"
EndProject
Project("{FAE04EC0-301F-11D3-BF4B-00C04F79EFBC}") = "Ventas.Common", "..\Ventas.Common\Ventas.Common.csproj", "{A25CD00A-53B2-49A1-A557-D24B00927854}"
EndProject
Global
	GlobalSection(SolutionConfigurationPlatforms) = preSolution
		Debug|Any CPU = Debug|Any CPU
		Debug|ARM = Debug|ARM
		Debug|iPhone = Debug|iPhone
		Debug|iPhoneSimulator = Debug|iPhoneSimulator
		Debug|x64 = Debug|x64
		Debug|x86 = Debug|x86
		Release|Any CPU = Release|Any CPU
		Release|ARM = Release|ARM
		Release|iPhone = Release|iPhone
		Release|iPhoneSimulator = Release|iPhoneSimulator
		Release|x64 = Release|x64
		Release|x86 = Release|x86
	EndGlobalSection
	GlobalSection(ProjectConfigurationPlatforms) = postSolution
		{2A9811CA-E6B5-4542-B98F-6C79C25B8634}.Debug|Any CPU.ActiveCfg = Debug|x86
		{2A9811CA-E6B5-4542-B98F-6C79C25B8634}.Debug|Any CPU.Build.0 = Debug|x86
		{2A9811CA-E6B5-4542-B98F-6C79C25B8634}.Debug|Any CPU.Deploy.0 = Debug|x86
		{2A9811CA-E6B5-4542-B98F-6C79C25B8634}.Debug|ARM.ActiveCfg = Debug|ARM
		{2A9811CA-E6B5-4542-B98F-6C79C25B8634}.Debug|ARM.Build.0 = Debug|ARM
		{2A9811CA-E6B5-4542-B98F-6C79C25B8634}.Debug|ARM.Deploy.0 = Debug|ARM
		{2A9811CA-E6B5-4542-B98F-6C79C25B8634}.Debug|iPhone.ActiveCfg = Debug|x86
		{2A9811CA-E6B5-4542-B98F-6C79C25B8634}.Debug|iPhone.Build.0 = Debug|x86
		{2A9811CA-E6B5-4542-B98F-6C79C25B8634}.Debug|iPhone.Deploy.0 = Debug|x86
		{2A9811CA-E6B5-4542-B98F-6C79C25B8634}.Debug|iPhoneSimulator.ActiveCfg = Debug|x86
		{2A9811CA-E6B5-4542-B98F-6C79C25B8634}.Debug|iPhoneSimulator.Build.0 = Debug|x86
		{2A9811CA-E6B5-4542-B98F-6C79C25B8634}.Debug|iPhoneSimulator.Deploy.0 = Debug|x86
		{2A9811CA-E6B5-4542-B98F-6C79C25B8634}.Debug|x64.ActiveCfg = Debug|x64
		{2A9811CA-E6B5-4542-B98F-6C79C25B8634}.Debug|x64.Build.0 = Debug|x64
		{2A9811CA-E6B5-4542-B98F-6C79C25B8634}.Debug|x64.Deploy.0 = Debug|x64
		{2A9811CA-E6B5-4542-B98F-6C79C25B8634}.Debug|x86.ActiveCfg = Debug|x86
		{2A9811CA-E6B5-4542-B98F-6C79C25B8634}.Debug|x86.Build.0 = Debug|x86
		{2A9811CA-E6B5-4542-B98F-6C79C25B8634}.Debug|x86.Deploy.0 = Debug|x86
		{2A9811CA-E6B5-4542-B98F-6C79C25B8634}.Release|Any CPU.ActiveCfg = Release|x86
		{2A9811CA-E6B5-4542-B98F-6C79C25B8634}.Release|Any CPU.Build.0 = Release|x86
		{2A9811CA-E6B5-4542-B98F-6C79C25B8634}.Release|Any CPU.Deploy.0 = Release|x86
		{2A9811CA-E6B5-4542-B98F-6C79C25B8634}.Release|ARM.ActiveCfg = Release|ARM
		{2A9811CA-E6B5-4542-B98F-6C79C25B8634}.Release|ARM.Build.0 = Release|ARM
		{2A9811CA-E6B5-4542-B98F-6C79C25B8634}.Release|ARM.Deploy.0 = Release|ARM
		{2A9811CA-E6B5-4542-B98F-6C79C25B8634}.Release|iPhone.ActiveCfg = Release|x86
		{2A9811CA-E6B5-4542-B98F-6C79C25B8634}.Release|iPhone.Build.0 = Release|x86
		{2A9811CA-E6B5-4542-B98F-6C79C25B8634}.Release|iPhone.Deploy.0 = Release|x86
		{2A9811CA-E6B5-4542-B98F-6C79C25B8634}.Release|iPhoneSimulator.ActiveCfg = Release|x86
		{2A9811CA-E6B5-4542-B98F-6C79C25B8634}.Release|iPhoneSimulator.Build.0 = Release|x86
		{2A9811CA-E6B5-4542-B98F-6C79C25B8634}.Release|iPhoneSimulator.Deploy.0 = Release|x86
		{2A9811CA-E6B5-4542-B98F-6C79C25B8634}.Release|x64.ActiveCfg = Release|x64
		{2A9811CA-E6B5-4542-B98F-6C79C25B8634}.Release|x64.Build.0 = Release|x64
		{2A9811CA-E6B5-4542-B98F-6C79C25B8634}.Release|x64.Deploy.0 = Release|x64
		{2A9811CA-E6B5-4542-B98F-6C79C25B8634}.Release|x86.ActiveCfg = Release|x86
		{2A9811CA-E6B5-4542-B98F-6C79C25B8634}.Release|x86.Build.0 = Release|x86
		{2A9811CA-E6B5-4542-B98F-6C79C25B8634}.Release|x86.Deploy.0 = Release|x86
		{36DD4F36-624C-49B7-B626-925174A776A1}.Debug|Any CPU.ActiveCfg = Debug|Any CPU
		{36DD4F36-624C-49B7-B626-925174A776A1}.Debug|Any CPU.Build.0 = Debug|Any CPU
		{36DD4F36-624C-49B7-B626-925174A776A1}.Debug|Any CPU.Deploy.0 = Debug|Any CPU
		{36DD4F36-624C-49B7-B626-925174A776A1}.Debug|ARM.ActiveCfg = Debug|Any CPU
		{36DD4F36-624C-49B7-B626-925174A776A1}.Debug|ARM.Build.0 = Debug|Any CPU
		{36DD4F36-624C-49B7-B626-925174A776A1}.Debug|ARM.Deploy.0 = Debug|Any CPU
		{36DD4F36-624C-49B7-B626-925174A776A1}.Debug|iPhone.ActiveCfg = Debug|Any CPU
		{36DD4F36-624C-49B7-B626-925174A776A1}.Debug|iPhone.Build.0 = Debug|Any CPU
		{36DD4F36-624C-49B7-B626-925174A776A1}.Debug|iPhone.Deploy.0 = Debug|Any CPU
		{36DD4F36-624C-49B7-B626-925174A776A1}.Debug|iPhoneSimulator.ActiveCfg = Debug|Any CPU
		{36DD4F36-624C-49B7-B626-925174A776A1}.Debug|iPhoneSimulator.Build.0 = Debug|Any CPU
		{36DD4F36-624C-49B7-B626-925174A776A1}.Debug|iPhoneSimulator.Deploy.0 = Debug|Any CPU
		{36DD4F36-624C-49B7-B626-925174A776A1}.Debug|x64.ActiveCfg = Debug|Any CPU
		{36DD4F36-624C-49B7-B626-925174A776A1}.Debug|x64.Build.0 = Debug|Any CPU
		{36DD4F36-624C-49B7-B626-925174A776A1}.Debug|x64.Deploy.0 = Debug|Any CPU
		{36DD4F36-624C-49B7-B626-925174A776A1}.Debug|x86.ActiveCfg = Debug|Any CPU
		{36DD4F36-624C-49B7-B626-925174A776A1}.Debug|x86.Build.0 = Debug|Any CPU
		{36DD4F36-624C-49B7-B626-925174A776A1}.Debug|x86.Deploy.0 = Debug|Any CPU
		{36DD4F36-624C-49B7-B626-925174A776A1}.Release|Any CPU.ActiveCfg = Release|Any CPU
		{36DD4F36-624C-49B7-B626-925174A776A1}.Release|Any CPU.Build.0 = Release|Any CPU
		{36DD4F36-624C-49B7-B626-925174A776A1}.Release|Any CPU.Deploy.0 = Release|Any CPU
		{36DD4F36-624C-49B7-B626-925174A776A1}.Release|ARM.ActiveCfg = Release|Any CPU
		{36DD4F36-624C-49B7-B626-925174A776A1}.Release|ARM.Build.0 = Release|Any CPU
		{36DD4F36-624C-49B7-B626-925174A776A1}.Release|ARM.Deploy.0 = Release|Any CPU
		{36DD4F36-624C-49B7-B626-925174A776A1}.Release|iPhone.ActiveCfg = Release|Any CPU
		{36DD4F36-624C-49B7-B626-925174A776A1}.Release|iPhone.Build.0 = Release|Any CPU
		{36DD4F36-624C-49B7-B626-925174A776A1}.Release|iPhone.Deploy.0 = Release|Any CPU
		{36DD4F36-624C-49B7-B626-925174A776A1}.Release|iPhoneSimulator.ActiveCfg = Release|Any CPU
		{36DD4F36-624C-49B7-B626-925174A776A1}.Release|iPhoneSimulator.Build.0 = Release|Any CPU
		{36DD4F36-624C-49B7-B626-925174A776A1}.Release|iPhoneSimulator.Deploy.0 = Release|Any CPU
		{36DD4F36-624C-49B7-B626-925174A776A1}.Release|x64.ActiveCfg = Release|Any CPU
		{36DD4F36-624C-49B7-B626-925174A776A1}.Release|x64.Build.0 = Release|Any CPU
		{36DD4F36-624C-49B7-B626-925174A776A1}.Release|x64.Deploy.0 = Release|Any CPU
		{36DD4F36-624C-49B7-B626-925174A776A1}.Release|x86.ActiveCfg = Release|Any CPU
		{36DD4F36-624C-49B7-B626-925174A776A1}.Release|x86.Build.0 = Release|Any CPU
		{36DD4F36-624C-49B7-B626-925174A776A1}.Release|x86.Deploy.0 = Release|Any CPU
		{69776F25-8FD9-477E-B601-A461C71D8A17}.Debug|Any CPU.ActiveCfg = Debug|iPhone
		{69776F25-8FD9-477E-B601-A461C71D8A17}.Debug|Any CPU.Build.0 = Debug|iPhone
		{69776F25-8FD9-477E-B601-A461C71D8A17}.Debug|Any CPU.Deploy.0 = Debug|iPhone
		{69776F25-8FD9-477E-B601-A461C71D8A17}.Debug|ARM.ActiveCfg = Debug|iPhoneSimulator
		{69776F25-8FD9-477E-B601-A461C71D8A17}.Debug|ARM.Build.0 = Debug|iPhoneSimulator
		{69776F25-8FD9-477E-B601-A461C71D8A17}.Debug|ARM.Deploy.0 = Debug|iPhoneSimulator
		{69776F25-8FD9-477E-B601-A461C71D8A17}.Debug|iPhone.ActiveCfg = Debug|iPhone
		{69776F25-8FD9-477E-B601-A461C71D8A17}.Debug|iPhone.Build.0 = Debug|iPhone
		{69776F25-8FD9-477E-B601-A461C71D8A17}.Debug|iPhone.Deploy.0 = Debug|iPhone
		{69776F25-8FD9-477E-B601-A461C71D8A17}.Debug|iPhoneSimulator.ActiveCfg = Debug|iPhoneSimulator
		{69776F25-8FD9-477E-B601-A461C71D8A17}.Debug|iPhoneSimulator.Build.0 = Debug|iPhoneSimulator
		{69776F25-8FD9-477E-B601-A461C71D8A17}.Debug|iPhoneSimulator.Deploy.0 = Debug|iPhoneSimulator
		{69776F25-8FD9-477E-B601-A461C71D8A17}.Debug|x64.ActiveCfg = Debug|iPhone
		{69776F25-8FD9-477E-B601-A461C71D8A17}.Debug|x64.Build.0 = Debug|iPhone
		{69776F25-8FD9-477E-B601-A461C71D8A17}.Debug|x64.Deploy.0 = Debug|iPhone
		{69776F25-8FD9-477E-B601-A461C71D8A17}.Debug|x86.ActiveCfg = Debug|iPhone
		{69776F25-8FD9-477E-B601-A461C71D8A17}.Debug|x86.Build.0 = Debug|iPhone
		{69776F25-8FD9-477E-B601-A461C71D8A17}.Debug|x86.Deploy.0 = Debug|iPhone
		{69776F25-8FD9-477E-B601-A461C71D8A17}.Release|Any CPU.ActiveCfg = Release|iPhone
		{69776F25-8FD9-477E-B601-A461C71D8A17}.Release|Any CPU.Build.0 = Release|iPhone
		{69776F25-8FD9-477E-B601-A461C71D8A17}.Release|Any CPU.Deploy.0 = Release|iPhone
		{69776F25-8FD9-477E-B601-A461C71D8A17}.Release|ARM.ActiveCfg = Release|iPhone
		{69776F25-8FD9-477E-B601-A461C71D8A17}.Release|ARM.Build.0 = Release|iPhone
		{69776F25-8FD9-477E-B601-A461C71D8A17}.Release|ARM.Deploy.0 = Release|iPhone
		{69776F25-8FD9-477E-B601-A461C71D8A17}.Release|iPhone.ActiveCfg = Release|iPhone
		{69776F25-8FD9-477E-B601-A461C71D8A17}.Release|iPhone.Build.0 = Release|iPhone
		{69776F25-8FD9-477E-B601-A461C71D8A17}.Release|iPhone.Deploy.0 = Release|iPhone
		{69776F25-8FD9-477E-B601-A461C71D8A17}.Release|iPhoneSimulator.ActiveCfg = Release|iPhoneSimulator
		{69776F25-8FD9-477E-B601-A461C71D8A17}.Release|iPhoneSimulator.Build.0 = Release|iPhoneSimulator
		{69776F25-8FD9-477E-B601-A461C71D8A17}.Release|iPhoneSimulator.Deploy.0 = Release|iPhoneSimulator
		{69776F25-8FD9-477E-B601-A461C71D8A17}.Release|x64.ActiveCfg = Release|iPhone
		{69776F25-8FD9-477E-B601-A461C71D8A17}.Release|x64.Build.0 = Release|iPhone
		{69776F25-8FD9-477E-B601-A461C71D8A17}.Release|x64.Deploy.0 = Release|iPhone
		{69776F25-8FD9-477E-B601-A461C71D8A17}.Release|x86.ActiveCfg = Release|iPhone
		{69776F25-8FD9-477E-B601-A461C71D8A17}.Release|x86.Build.0 = Release|iPhone
		{69776F25-8FD9-477E-B601-A461C71D8A17}.Release|x86.Deploy.0 = Release|iPhone
		{B5B0CC44-4EA9-478A-831F-664170F06507}.Debug|Any CPU.ActiveCfg = Debug|Any CPU
		{B5B0CC44-4EA9-478A-831F-664170F06507}.Debug|Any CPU.Build.0 = Debug|Any CPU
		{B5B0CC44-4EA9-478A-831F-664170F06507}.Debug|Any CPU.Deploy.0 = Debug|Any CPU
		{B5B0CC44-4EA9-478A-831F-664170F06507}.Debug|ARM.ActiveCfg = Debug|Any CPU
		{B5B0CC44-4EA9-478A-831F-664170F06507}.Debug|ARM.Build.0 = Debug|Any CPU
		{B5B0CC44-4EA9-478A-831F-664170F06507}.Debug|ARM.Deploy.0 = Debug|Any CPU
		{B5B0CC44-4EA9-478A-831F-664170F06507}.Debug|iPhone.ActiveCfg = Debug|Any CPU
		{B5B0CC44-4EA9-478A-831F-664170F06507}.Debug|iPhone.Build.0 = Debug|Any CPU
		{B5B0CC44-4EA9-478A-831F-664170F06507}.Debug|iPhone.Deploy.0 = Debug|Any CPU
		{B5B0CC44-4EA9-478A-831F-664170F06507}.Debug|iPhoneSimulator.ActiveCfg = Debug|Any CPU
		{B5B0CC44-4EA9-478A-831F-664170F06507}.Debug|iPhoneSimulator.Build.0 = Debug|Any CPU
		{B5B0CC44-4EA9-478A-831F-664170F06507}.Debug|iPhoneSimulator.Deploy.0 = Debug|Any CPU
		{B5B0CC44-4EA9-478A-831F-664170F06507}.Debug|x64.ActiveCfg = Debug|Any CPU
		{B5B0CC44-4EA9-478A-831F-664170F06507}.Debug|x64.Build.0 = Debug|Any CPU
		{B5B0CC44-4EA9-478A-831F-664170F06507}.Debug|x64.Deploy.0 = Debug|Any CPU
		{B5B0CC44-4EA9-478A-831F-664170F06507}.Debug|x86.ActiveCfg = Debug|Any CPU
		{B5B0CC44-4EA9-478A-831F-664170F06507}.Debug|x86.Build.0 = Debug|Any CPU
		{B5B0CC44-4EA9-478A-831F-664170F06507}.Debug|x86.Deploy.0 = Debug|Any CPU
		{B5B0CC44-4EA9-478A-831F-664170F06507}.Release|Any CPU.ActiveCfg = Release|Any CPU
		{B5B0CC44-4EA9-478A-831F-664170F06507}.Release|Any CPU.Build.0 = Release|Any CPU
		{B5B0CC44-4EA9-478A-831F-664170F06507}.Release|Any CPU.Deploy.0 = Release|Any CPU
		{B5B0CC44-4EA9-478A-831F-664170F06507}.Release|ARM.ActiveCfg = Release|Any CPU
		{B5B0CC44-4EA9-478A-831F-664170F06507}.Release|ARM.Build.0 = Release|Any CPU
		{B5B0CC44-4EA9-478A-831F-664170F06507}.Release|ARM.Deploy.0 = Release|Any CPU
		{B5B0CC44-4EA9-478A-831F-664170F06507}.Release|iPhone.ActiveCfg = Release|Any CPU
		{B5B0CC44-4EA9-478A-831F-664170F06507}.Release|iPhone.Build.0 = Release|Any CPU
		{B5B0CC44-4EA9-478A-831F-664170F06507}.Release|iPhone.Deploy.0 = Release|Any CPU
		{B5B0CC44-4EA9-478A-831F-664170F06507}.Release|iPhoneSimulator.ActiveCfg = Release|Any CPU
		{B5B0CC44-4EA9-478A-831F-664170F06507}.Release|iPhoneSimulator.Build.0 = Release|Any CPU
		{B5B0CC44-4EA9-478A-831F-664170F06507}.Release|iPhoneSimulator.Deploy.0 = Release|Any CPU
		{B5B0CC44-4EA9-478A-831F-664170F06507}.Release|x64.ActiveCfg = Release|Any CPU
		{B5B0CC44-4EA9-478A-831F-664170F06507}.Release|x64.Build.0 = Release|Any CPU
		{B5B0CC44-4EA9-478A-831F-664170F06507}.Release|x64.Deploy.0 = Release|Any CPU
		{B5B0CC44-4EA9-478A-831F-664170F06507}.Release|x86.ActiveCfg = Release|Any CPU
		{B5B0CC44-4EA9-478A-831F-664170F06507}.Release|x86.Build.0 = Release|Any CPU
		{B5B0CC44-4EA9-478A-831F-664170F06507}.Release|x86.Deploy.0 = Release|Any CPU
		{6A66C2BC-0BC0-4EE8-A6C4-D70A5E3DD98B}.Debug|Any CPU.ActiveCfg = Debug|Any CPU
		{6A66C2BC-0BC0-4EE8-A6C4-D70A5E3DD98B}.Debug|Any CPU.Build.0 = Debug|Any CPU
		{6A66C2BC-0BC0-4EE8-A6C4-D70A5E3DD98B}.Debug|ARM.ActiveCfg = Debug|Any CPU
		{6A66C2BC-0BC0-4EE8-A6C4-D70A5E3DD98B}.Debug|ARM.Build.0 = Debug|Any CPU
		{6A66C2BC-0BC0-4EE8-A6C4-D70A5E3DD98B}.Debug|iPhone.ActiveCfg = Debug|Any CPU
		{6A66C2BC-0BC0-4EE8-A6C4-D70A5E3DD98B}.Debug|iPhone.Build.0 = Debug|Any CPU
		{6A66C2BC-0BC0-4EE8-A6C4-D70A5E3DD98B}.Debug|iPhoneSimulator.ActiveCfg = Debug|Any CPU
		{6A66C2BC-0BC0-4EE8-A6C4-D70A5E3DD98B}.Debug|iPhoneSimulator.Build.0 = Debug|Any CPU
		{6A66C2BC-0BC0-4EE8-A6C4-D70A5E3DD98B}.Debug|x64.ActiveCfg = Debug|Any CPU
		{6A66C2BC-0BC0-4EE8-A6C4-D70A5E3DD98B}.Debug|x64.Build.0 = Debug|Any CPU
		{6A66C2BC-0BC0-4EE8-A6C4-D70A5E3DD98B}.Debug|x86.ActiveCfg = Debug|Any CPU
		{6A66C2BC-0BC0-4EE8-A6C4-D70A5E3DD98B}.Debug|x86.Build.0 = Debug|Any CPU
		{6A66C2BC-0BC0-4EE8-A6C4-D70A5E3DD98B}.Release|Any CPU.ActiveCfg = Release|Any CPU
		{6A66C2BC-0BC0-4EE8-A6C4-D70A5E3DD98B}.Release|Any CPU.Build.0 = Release|Any CPU
		{6A66C2BC-0BC0-4EE8-A6C4-D70A5E3DD98B}.Release|ARM.ActiveCfg = Release|Any CPU
		{6A66C2BC-0BC0-4EE8-A6C4-D70A5E3DD98B}.Release|ARM.Build.0 = Release|Any CPU
		{6A66C2BC-0BC0-4EE8-A6C4-D70A5E3DD98B}.Release|iPhone.ActiveCfg = Release|Any CPU
		{6A66C2BC-0BC0-4EE8-A6C4-D70A5E3DD98B}.Release|iPhone.Build.0 = Release|Any CPU
		{6A66C2BC-0BC0-4EE8-A6C4-D70A5E3DD98B}.Release|iPhoneSimulator.ActiveCfg = Release|Any CPU
		{6A66C2BC-0BC0-4EE8-A6C4-D70A5E3DD98B}.Release|iPhoneSimulator.Build.0 = Release|Any CPU
		{6A66C2BC-0BC0-4EE8-A6C4-D70A5E3DD98B}.Release|x64.ActiveCfg = Release|Any CPU
		{6A66C2BC-0BC0-4EE8-A6C4-D70A5E3DD98B}.Release|x64.Build.0 = Release|Any CPU
		{6A66C2BC-0BC0-4EE8-A6C4-D70A5E3DD98B}.Release|x86.ActiveCfg = Release|Any CPU
		{6A66C2BC-0BC0-4EE8-A6C4-D70A5E3DD98B}.Release|x86.Build.0 = Release|Any CPU
		{0694033E-57FE-4D2F-BA1E-75673496B490}.Debug|Any CPU.ActiveCfg = Debug|Any CPU
		{0694033E-57FE-4D2F-BA1E-75673496B490}.Debug|Any CPU.Build.0 = Debug|Any CPU
		{0694033E-57FE-4D2F-BA1E-75673496B490}.Debug|ARM.ActiveCfg = Debug|Any CPU
		{0694033E-57FE-4D2F-BA1E-75673496B490}.Debug|ARM.Build.0 = Debug|Any CPU
		{0694033E-57FE-4D2F-BA1E-75673496B490}.Debug|iPhone.ActiveCfg = Debug|Any CPU
		{0694033E-57FE-4D2F-BA1E-75673496B490}.Debug|iPhone.Build.0 = Debug|Any CPU
		{0694033E-57FE-4D2F-BA1E-75673496B490}.Debug|iPhoneSimulator.ActiveCfg = Debug|Any CPU
		{0694033E-57FE-4D2F-BA1E-75673496B490}.Debug|iPhoneSimulator.Build.0 = Debug|Any CPU
		{0694033E-57FE-4D2F-BA1E-75673496B490}.Debug|x64.ActiveCfg = Debug|Any CPU
		{0694033E-57FE-4D2F-BA1E-75673496B490}.Debug|x64.Build.0 = Debug|Any CPU
		{0694033E-57FE-4D2F-BA1E-75673496B490}.Debug|x86.ActiveCfg = Debug|Any CPU
		{0694033E-57FE-4D2F-BA1E-75673496B490}.Debug|x86.Build.0 = Debug|Any CPU
		{0694033E-57FE-4D2F-BA1E-75673496B490}.Release|Any CPU.ActiveCfg = Release|Any CPU
		{0694033E-57FE-4D2F-BA1E-75673496B490}.Release|Any CPU.Build.0 = Release|Any CPU
		{0694033E-57FE-4D2F-BA1E-75673496B490}.Release|ARM.ActiveCfg = Release|Any CPU
		{0694033E-57FE-4D2F-BA1E-75673496B490}.Release|ARM.Build.0 = Release|Any CPU
		{0694033E-57FE-4D2F-BA1E-75673496B490}.Release|iPhone.ActiveCfg = Release|Any CPU
		{0694033E-57FE-4D2F-BA1E-75673496B490}.Release|iPhone.Build.0 = Release|Any CPU
		{0694033E-57FE-4D2F-BA1E-75673496B490}.Release|iPhoneSimulator.ActiveCfg = Release|Any CPU
		{0694033E-57FE-4D2F-BA1E-75673496B490}.Release|iPhoneSimulator.Build.0 = Release|Any CPU
		{0694033E-57FE-4D2F-BA1E-75673496B490}.Release|x64.ActiveCfg = Release|Any CPU
		{0694033E-57FE-4D2F-BA1E-75673496B490}.Release|x64.Build.0 = Release|Any CPU
		{0694033E-57FE-4D2F-BA1E-75673496B490}.Release|x86.ActiveCfg = Release|Any CPU
		{0694033E-57FE-4D2F-BA1E-75673496B490}.Release|x86.Build.0 = Release|Any CPU
		{7393BDA0-AE5F-44B4-97F6-C40B0CB5B08C}.Debug|Any CPU.ActiveCfg = Debug|Any CPU
		{7393BDA0-AE5F-44B4-97F6-C40B0CB5B08C}.Debug|Any CPU.Build.0 = Debug|Any CPU
		{7393BDA0-AE5F-44B4-97F6-C40B0CB5B08C}.Debug|ARM.ActiveCfg = Debug|Any CPU
		{7393BDA0-AE5F-44B4-97F6-C40B0CB5B08C}.Debug|ARM.Build.0 = Debug|Any CPU
		{7393BDA0-AE5F-44B4-97F6-C40B0CB5B08C}.Debug|iPhone.ActiveCfg = Debug|Any CPU
		{7393BDA0-AE5F-44B4-97F6-C40B0CB5B08C}.Debug|iPhone.Build.0 = Debug|Any CPU
		{7393BDA0-AE5F-44B4-97F6-C40B0CB5B08C}.Debug|iPhoneSimulator.ActiveCfg = Debug|Any CPU
		{7393BDA0-AE5F-44B4-97F6-C40B0CB5B08C}.Debug|iPhoneSimulator.Build.0 = Debug|Any CPU
		{7393BDA0-AE5F-44B4-97F6-C40B0CB5B08C}.Debug|x64.ActiveCfg = Debug|Any CPU
		{7393BDA0-AE5F-44B4-97F6-C40B0CB5B08C}.Debug|x64.Build.0 = Debug|Any CPU
		{7393BDA0-AE5F-44B4-97F6-C40B0CB5B08C}.Debug|x86.ActiveCfg = Debug|Any CPU
		{7393BDA0-AE5F-44B4-97F6-C40B0CB5B08C}.Debug|x86.Build.0 = Debug|Any CPU
		{7393BDA0-AE5F-44B4-97F6-C40B0CB5B08C}.Release|Any CPU.ActiveCfg = Release|Any CPU
		{7393BDA0-AE5F-44B4-97F6-C40B0CB5B08C}.Release|Any CPU.Build.0 = Release|Any CPU
		{7393BDA0-AE5F-44B4-97F6-C40B0CB5B08C}.Release|ARM.ActiveCfg = Release|Any CPU
		{7393BDA0-AE5F-44B4-97F6-C40B0CB5B08C}.Release|ARM.Build.0 = Release|Any CPU
		{7393BDA0-AE5F-44B4-97F6-C40B0CB5B08C}.Release|iPhone.ActiveCfg = Release|Any CPU
		{7393BDA0-AE5F-44B4-97F6-C40B0CB5B08C}.Release|iPhone.Build.0 = Release|Any CPU
		{7393BDA0-AE5F-44B4-97F6-C40B0CB5B08C}.Release|iPhoneSimulator.ActiveCfg = Release|Any CPU
		{7393BDA0-AE5F-44B4-97F6-C40B0CB5B08C}.Release|iPhoneSimulator.Build.0 = Release|Any CPU
		{7393BDA0-AE5F-44B4-97F6-C40B0CB5B08C}.Release|x64.ActiveCfg = Release|Any CPU
		{7393BDA0-AE5F-44B4-97F6-C40B0CB5B08C}.Release|x64.Build.0 = Release|Any CPU
		{7393BDA0-AE5F-44B4-97F6-C40B0CB5B08C}.Release|x86.ActiveCfg = Release|Any CPU
		{7393BDA0-AE5F-44B4-97F6-C40B0CB5B08C}.Release|x86.Build.0 = Release|Any CPU
		{A25CD00A-53B2-49A1-A557-D24B00927854}.Debug|Any CPU.ActiveCfg = Debug|Any CPU
		{A25CD00A-53B2-49A1-A557-D24B00927854}.Debug|Any CPU.Build.0 = Debug|Any CPU
		{A25CD00A-53B2-49A1-A557-D24B00927854}.Debug|ARM.ActiveCfg = Debug|Any CPU
		{A25CD00A-53B2-49A1-A557-D24B00927854}.Debug|ARM.Build.0 = Debug|Any CPU
		{A25CD00A-53B2-49A1-A557-D24B00927854}.Debug|iPhone.ActiveCfg = Debug|Any CPU
		{A25CD00A-53B2-49A1-A557-D24B00927854}.Debug|iPhone.Build.0 = Debug|Any CPU
		{A25CD00A-53B2-49A1-A557-D24B00927854}.Debug|iPhoneSimulator.ActiveCfg = Debug|Any CPU
		{A25CD00A-53B2-49A1-A557-D24B00927854}.Debug|iPhoneSimulator.Build.0 = Debug|Any CPU
		{A25CD00A-53B2-49A1-A557-D24B00927854}.Debug|x64.ActiveCfg = Debug|Any CPU
		{A25CD00A-53B2-49A1-A557-D24B00927854}.Debug|x64.Build.0 = Debug|Any CPU
		{A25CD00A-53B2-49A1-A557-D24B00927854}.Debug|x86.ActiveCfg = Debug|Any CPU
		{A25CD00A-53B2-49A1-A557-D24B00927854}.Debug|x86.Build.0 = Debug|Any CPU
		{A25CD00A-53B2-49A1-A557-D24B00927854}.Release|Any CPU.ActiveCfg = Release|Any CPU
		{A25CD00A-53B2-49A1-A557-D24B00927854}.Release|Any CPU.Build.0 = Release|Any CPU
		{A25CD00A-53B2-49A1-A557-D24B00927854}.Release|ARM.ActiveCfg = Release|Any CPU
		{A25CD00A-53B2-49A1-A557-D24B00927854}.Release|ARM.Build.0 = Release|Any CPU
		{A25CD00A-53B2-49A1-A557-D24B00927854}.Release|iPhone.ActiveCfg = Release|Any CPU
		{A25CD00A-53B2-49A1-A557-D24B00927854}.Release|iPhone.Build.0 = Release|Any CPU
		{A25CD00A-53B2-49A1-A557-D24B00927854}.Release|iPhoneSimulator.ActiveCfg = Release|Any CPU
		{A25CD00A-53B2-49A1-A557-D24B00927854}.Release|iPhoneSimulator.Build.0 = Release|Any CPU
		{A25CD00A-53B2-49A1-A557-D24B00927854}.Release|x64.ActiveCfg = Release|Any CPU
		{A25CD00A-53B2-49A1-A557-D24B00927854}.Release|x64.Build.0 = Release|Any CPU
		{A25CD00A-53B2-49A1-A557-D24B00927854}.Release|x86.ActiveCfg = Release|Any CPU
		{A25CD00A-53B2-49A1-A557-D24B00927854}.Release|x86.Build.0 = Release|Any CPU
	EndGlobalSection
	GlobalSection(SolutionProperties) = preSolution
		HideSolutionNode = FALSE
	EndGlobalSection
	GlobalSection(ExtensibilityGlobals) = postSolution
		SolutionGuid = {6F777D4D-3739-4710-ACE1-04D3D4760CBA}
	EndGlobalSection
EndGlobal
